
Microsoft Visual Studio Solution File, Format Version 12.00
# Visual Studio Version 17
VisualStudioVersion = 17.3.32825.248
MinimumVisualStudioVersion = 10.0.40219.1
Project("{FAE04EC0-301F-11D3-BF4B-00C04F79EFBC}") = "Eurosong - DSPS", "Eurosong - DSPS.csproj", "{2538E9AA-B6C5-4116-BD12-8623F6E5BE55}"
EndProject
Global
	GlobalSection(SolutionConfigurationPlatforms) = preSolution
		Debug|Any CPU = Debug|Any CPU
		Release|Any CPU = Release|Any CPU
	EndGlobalSection
	GlobalSection(ProjectConfigurationPlatforms) = postSolution
		{2538E9AA-B6C5-4116-BD12-8623F6E5BE55}.Debug|Any CPU.ActiveCfg = Debug|Any CPU
		{2538E9AA-B6C5-4116-BD12-8623F6E5BE55}.Debug|Any CPU.Build.0 = Debug|Any CPU
		{2538E9AA-B6C5-4116-BD12-8623F6E5BE55}.Release|Any CPU.ActiveCfg = Release|Any CPU
		{2538E9AA-B6C5-4116-BD12-8623F6E5BE55}.Release|Any CPU.Build.0 = Release|Any CPU
	EndGlobalSection
	GlobalSection(SolutionProperties) = preSolution
		HideSolutionNode = FALSE
	EndGlobalSection
	GlobalSection(ExtensibilityGlobals) = postSolution
		SolutionGuid = {F5FC148A-48F7-4BED-8E47-4F0BF0E2C5E3}
	EndGlobalSection
EndGlobal
