
Microsoft Visual Studio Solution File, Format Version 12.00
# Visual Studio Version 17
VisualStudioVersion = 17.3.32825.248
MinimumVisualStudioVersion = 10.0.40219.1
Project("{FAE04EC0-301F-11D3-BF4B-00C04F79EFBC}") = "FRONTEND - IMS", "FRONTEND - IMS.csproj", "{AE93053C-DACB-42E0-8C0B-BAE9167F64EC}"
EndProject
Global
	GlobalSection(SolutionConfigurationPlatforms) = preSolution
		Debug|Any CPU = Debug|Any CPU
		Release|Any CPU = Release|Any CPU
	EndGlobalSection
	GlobalSection(ProjectConfigurationPlatforms) = postSolution
		{AE93053C-DACB-42E0-8C0B-BAE9167F64EC}.Debug|Any CPU.ActiveCfg = Debug|Any CPU
		{AE93053C-DACB-42E0-8C0B-BAE9167F64EC}.Debug|Any CPU.Build.0 = Debug|Any CPU
		{AE93053C-DACB-42E0-8C0B-BAE9167F64EC}.Release|Any CPU.ActiveCfg = Release|Any CPU
		{AE93053C-DACB-42E0-8C0B-BAE9167F64EC}.Release|Any CPU.Build.0 = Release|Any CPU
	EndGlobalSection
	GlobalSection(SolutionProperties) = preSolution
		HideSolutionNode = FALSE
	EndGlobalSection
	GlobalSection(ExtensibilityGlobals) = postSolution
		SolutionGuid = {A41B0391-950C-4A8F-AA5B-15C915BB72FD}
	EndGlobalSection
EndGlobal
