
Microsoft Visual Studio Solution File, Format Version 12.00
# Visual Studio Version 17
VisualStudioVersion = 17.3.32825.248
MinimumVisualStudioVersion = 10.0.40219.1
Project("{FAE04EC0-301F-11D3-BF4B-00C04F79EFBC}") = "Call Elvis - IMS", "Call Elvis - IMS.csproj", "{43EBE291-5AD0-4CB8-806A-C61A953BB4C1}"
EndProject
Global
	GlobalSection(SolutionConfigurationPlatforms) = preSolution
		Debug|Any CPU = Debug|Any CPU
		Release|Any CPU = Release|Any CPU
	EndGlobalSection
	GlobalSection(ProjectConfigurationPlatforms) = postSolution
		{43EBE291-5AD0-4CB8-806A-C61A953BB4C1}.Debug|Any CPU.ActiveCfg = Debug|Any CPU
		{43EBE291-5AD0-4CB8-806A-C61A953BB4C1}.Debug|Any CPU.Build.0 = Debug|Any CPU
		{43EBE291-5AD0-4CB8-806A-C61A953BB4C1}.Release|Any CPU.ActiveCfg = Release|Any CPU
		{43EBE291-5AD0-4CB8-806A-C61A953BB4C1}.Release|Any CPU.Build.0 = Release|Any CPU
	EndGlobalSection
	GlobalSection(SolutionProperties) = preSolution
		HideSolutionNode = FALSE
	EndGlobalSection
	GlobalSection(ExtensibilityGlobals) = postSolution
		SolutionGuid = {E3991CF4-6ADC-40A5-BEF8-B4653D8A5F15}
	EndGlobalSection
EndGlobal
