
Microsoft Visual Studio Solution File, Format Version 12.00
# Visual Studio Version 17
VisualStudioVersion = 17.3.32825.248
MinimumVisualStudioVersion = 10.0.40219.1
Project("{FAE04EC0-301F-11D3-BF4B-00C04F79EFBC}") = "Eurosong - IMS", "Eurosong - IMS.csproj", "{3245530C-BD9E-479F-88B3-D0C5155ABB10}"
EndProject
Global
	GlobalSection(SolutionConfigurationPlatforms) = preSolution
		Debug|Any CPU = Debug|Any CPU
		Release|Any CPU = Release|Any CPU
	EndGlobalSection
	GlobalSection(ProjectConfigurationPlatforms) = postSolution
		{3245530C-BD9E-479F-88B3-D0C5155ABB10}.Debug|Any CPU.ActiveCfg = Debug|Any CPU
		{3245530C-BD9E-479F-88B3-D0C5155ABB10}.Debug|Any CPU.Build.0 = Debug|Any CPU
		{3245530C-BD9E-479F-88B3-D0C5155ABB10}.Release|Any CPU.ActiveCfg = Release|Any CPU
		{3245530C-BD9E-479F-88B3-D0C5155ABB10}.Release|Any CPU.Build.0 = Release|Any CPU
	EndGlobalSection
	GlobalSection(SolutionProperties) = preSolution
		HideSolutionNode = FALSE
	EndGlobalSection
	GlobalSection(ExtensibilityGlobals) = postSolution
		SolutionGuid = {D4D8C5EE-F89A-44C6-BFD6-F08042602C32}
	EndGlobalSection
EndGlobal
