
Microsoft Visual Studio Solution File, Format Version 12.00
# Visual Studio Version 17
VisualStudioVersion = 17.3.32825.248
MinimumVisualStudioVersion = 10.0.40219.1
Project("{FAE04EC0-301F-11D3-BF4B-00C04F79EFBC}") = "Call Elvis - DSPS", "Call Elvis - DSPS.csproj", "{CEB44EFC-538D-4006-AF3E-1701CB84968A}"
EndProject
Global
	GlobalSection(SolutionConfigurationPlatforms) = preSolution
		Debug|Any CPU = Debug|Any CPU
		Release|Any CPU = Release|Any CPU
	EndGlobalSection
	GlobalSection(ProjectConfigurationPlatforms) = postSolution
		{CEB44EFC-538D-4006-AF3E-1701CB84968A}.Debug|Any CPU.ActiveCfg = Debug|Any CPU
		{CEB44EFC-538D-4006-AF3E-1701CB84968A}.Debug|Any CPU.Build.0 = Debug|Any CPU
		{CEB44EFC-538D-4006-AF3E-1701CB84968A}.Release|Any CPU.ActiveCfg = Release|Any CPU
		{CEB44EFC-538D-4006-AF3E-1701CB84968A}.Release|Any CPU.Build.0 = Release|Any CPU
	EndGlobalSection
	GlobalSection(SolutionProperties) = preSolution
		HideSolutionNode = FALSE
	EndGlobalSection
	GlobalSection(ExtensibilityGlobals) = postSolution
		SolutionGuid = {CBCA6F84-1517-4C4D-8F11-A1D05C354364}
	EndGlobalSection
EndGlobal
