
Microsoft Visual Studio Solution File, Format Version 12.00
# Visual Studio Version 17
VisualStudioVersion = 17.3.32825.248
MinimumVisualStudioVersion = 10.0.40219.1
Project("{FAE04EC0-301F-11D3-BF4B-00C04F79EFBC}") = "Dip a toe - DSPS", "Dip a toe - DSPS.csproj", "{BCAEE3B2-FC5E-4BE7-A7ED-99EB0CE26BC9}"
EndProject
Global
	GlobalSection(SolutionConfigurationPlatforms) = preSolution
		Debug|Any CPU = Debug|Any CPU
		Release|Any CPU = Release|Any CPU
	EndGlobalSection
	GlobalSection(ProjectConfigurationPlatforms) = postSolution
		{BCAEE3B2-FC5E-4BE7-A7ED-99EB0CE26BC9}.Debug|Any CPU.ActiveCfg = Debug|Any CPU
		{BCAEE3B2-FC5E-4BE7-A7ED-99EB0CE26BC9}.Debug|Any CPU.Build.0 = Debug|Any CPU
		{BCAEE3B2-FC5E-4BE7-A7ED-99EB0CE26BC9}.Release|Any CPU.ActiveCfg = Release|Any CPU
		{BCAEE3B2-FC5E-4BE7-A7ED-99EB0CE26BC9}.Release|Any CPU.Build.0 = Release|Any CPU
	EndGlobalSection
	GlobalSection(SolutionProperties) = preSolution
		HideSolutionNode = FALSE
	EndGlobalSection
	GlobalSection(ExtensibilityGlobals) = postSolution
		SolutionGuid = {3C134BDB-B794-40C4-BA66-97CB3E4A340D}
	EndGlobalSection
EndGlobal
